PODS:
  - SDWebImage (5.16.0):
    - SDWebImage/Core (= 5.16.0)
  - SDWebImage/Core (5.16.0)
  - SwiftyGif (5.4.4)

DEPENDENCIES:
  - SDWebImage
  - SwiftyGif

SPEC REPOS:
  https://github.com/CocoaPods/Specs.git:
    - SDWebImage
    - SwiftyGif

SPEC CHECKSUMS:
  SDWebImage: 2aea163b50bfcb569a2726b6a754c54a4506fcf6
  SwiftyGif: 93a1cc87bf3a51916001cf8f3d63835fb64c819f

PODFILE CHECKSUM: feefacfb533afc77392645fd8d137796a86ec3b5

COCOAPODS: 1.12.1
